
Microsoft Visual Studio Solution File, Format Version 12.00
Project("{FAE04EC0-301F-11D3-BF4B-00C04F79EFBC}") = "beng.user.service.API", "src\User.Service.API\beng.user.service.API.csproj", "{84205FC5-C523-4063-AEDA-276AC805CDDB}"
EndProject
Global
	GlobalSection(SolutionConfigurationPlatforms) = preSolution
		Debug|Any CPU = Debug|Any CPU
		Release|Any CPU = Release|Any CPU
	EndGlobalSection
	GlobalSection(ProjectConfigurationPlatforms) = postSolution
		{370AA6F3-BC07-494D-9783-E01042AE4605}.Debug|Any CPU.ActiveCfg = Debug|Any CPU
		{370AA6F3-BC07-494D-9783-E01042AE4605}.Debug|Any CPU.Build.0 = Debug|Any CPU
		{370AA6F3-BC07-494D-9783-E01042AE4605}.Release|Any CPU.ActiveCfg = Release|Any CPU
		{370AA6F3-BC07-494D-9783-E01042AE4605}.Release|Any CPU.Build.0 = Release|Any CPU
		{84205FC5-C523-4063-AEDA-276AC805CDDB}.Debug|Any CPU.ActiveCfg = Debug|Any CPU
		{84205FC5-C523-4063-AEDA-276AC805CDDB}.Debug|Any CPU.Build.0 = Debug|Any CPU
		{84205FC5-C523-4063-AEDA-276AC805CDDB}.Release|Any CPU.ActiveCfg = Release|Any CPU
		{84205FC5-C523-4063-AEDA-276AC805CDDB}.Release|Any CPU.Build.0 = Release|Any CPU
	EndGlobalSection
EndGlobal
