
Microsoft Visual Studio Solution File, Format Version 12.00
# Visual Studio Version 16
VisualStudioVersion = 16.0.30114.105
MinimumVisualStudioVersion = 10.0.40219.1
Project("{FAE04EC0-301F-11D3-BF4B-00C04F79EFBC}") = "Contracts", "Contracts\Contracts.csproj", "{AD2C84E0-21BB-4A34-AD9C-37102291FC4B}"
EndProject
Project("{FAE04EC0-301F-11D3-BF4B-00C04F79EFBC}") = "InventoryService", "InventoryService\src\InventoryService.csproj", "{672BDC56-CFD2-43D9-B868-F0CDC22BB929}"
EndProject
Project("{FAE04EC0-301F-11D3-BF4B-00C04F79EFBC}") = "InventoryServiceTests", "InventoryService\tests\InventoryServiceTests.csproj", "{723B4ECA-6614-4D49-8BEE-D929B0AF2649}"
EndProject
Project("{FAE04EC0-301F-11D3-BF4B-00C04F79EFBC}") = "OrdersService", "OrdersService\src\OrdersService.csproj", "{B361DBD0-0A1D-442F-9F37-0285FFB6ACF2}"
EndProject
Project("{FAE04EC0-301F-11D3-BF4B-00C04F79EFBC}") = "UsersService", "UsersService\src\UsersService.csproj", "{2FC53E3D-3C49-4B37-8B27-9E6F0D14975B}"
EndProject
Global
	GlobalSection(SolutionConfigurationPlatforms) = preSolution
		Debug|Any CPU = Debug|Any CPU
		Release|Any CPU = Release|Any CPU
	EndGlobalSection
	GlobalSection(SolutionProperties) = preSolution
		HideSolutionNode = FALSE
	EndGlobalSection
	GlobalSection(ProjectConfigurationPlatforms) = postSolution
		{614AD5FA-DDF1-4384-B173-2B6DCE13A43E}.Debug|Any CPU.ActiveCfg = Debug|Any CPU
		{614AD5FA-DDF1-4384-B173-2B6DCE13A43E}.Debug|Any CPU.Build.0 = Debug|Any CPU
		{614AD5FA-DDF1-4384-B173-2B6DCE13A43E}.Release|Any CPU.ActiveCfg = Release|Any CPU
		{614AD5FA-DDF1-4384-B173-2B6DCE13A43E}.Release|Any CPU.Build.0 = Release|Any CPU
		{1ADBEAD4-FA99-4795-850A-C596038593E6}.Debug|Any CPU.ActiveCfg = Debug|Any CPU
		{1ADBEAD4-FA99-4795-850A-C596038593E6}.Debug|Any CPU.Build.0 = Debug|Any CPU
		{1ADBEAD4-FA99-4795-850A-C596038593E6}.Release|Any CPU.ActiveCfg = Release|Any CPU
		{1ADBEAD4-FA99-4795-850A-C596038593E6}.Release|Any CPU.Build.0 = Release|Any CPU
		{AD2C84E0-21BB-4A34-AD9C-37102291FC4B}.Debug|Any CPU.ActiveCfg = Debug|Any CPU
		{AD2C84E0-21BB-4A34-AD9C-37102291FC4B}.Debug|Any CPU.Build.0 = Debug|Any CPU
		{AD2C84E0-21BB-4A34-AD9C-37102291FC4B}.Release|Any CPU.ActiveCfg = Release|Any CPU
		{AD2C84E0-21BB-4A34-AD9C-37102291FC4B}.Release|Any CPU.Build.0 = Release|Any CPU
		{1F54D10F-6C90-4AB0-8BA0-E3CB68F785F5}.Debug|Any CPU.ActiveCfg = Debug|Any CPU
		{1F54D10F-6C90-4AB0-8BA0-E3CB68F785F5}.Debug|Any CPU.Build.0 = Debug|Any CPU
		{1F54D10F-6C90-4AB0-8BA0-E3CB68F785F5}.Release|Any CPU.ActiveCfg = Release|Any CPU
		{1F54D10F-6C90-4AB0-8BA0-E3CB68F785F5}.Release|Any CPU.Build.0 = Release|Any CPU
		{301D3738-FC62-4E4E-87CD-58A81738F8C1}.Debug|Any CPU.ActiveCfg = Debug|Any CPU
		{301D3738-FC62-4E4E-87CD-58A81738F8C1}.Debug|Any CPU.Build.0 = Debug|Any CPU
		{301D3738-FC62-4E4E-87CD-58A81738F8C1}.Release|Any CPU.ActiveCfg = Release|Any CPU
		{301D3738-FC62-4E4E-87CD-58A81738F8C1}.Release|Any CPU.Build.0 = Release|Any CPU
		{672BDC56-CFD2-43D9-B868-F0CDC22BB929}.Debug|Any CPU.ActiveCfg = Debug|Any CPU
		{672BDC56-CFD2-43D9-B868-F0CDC22BB929}.Debug|Any CPU.Build.0 = Debug|Any CPU
		{672BDC56-CFD2-43D9-B868-F0CDC22BB929}.Release|Any CPU.ActiveCfg = Release|Any CPU
		{672BDC56-CFD2-43D9-B868-F0CDC22BB929}.Release|Any CPU.Build.0 = Release|Any CPU
		{723B4ECA-6614-4D49-8BEE-D929B0AF2649}.Debug|Any CPU.ActiveCfg = Debug|Any CPU
		{723B4ECA-6614-4D49-8BEE-D929B0AF2649}.Debug|Any CPU.Build.0 = Debug|Any CPU
		{723B4ECA-6614-4D49-8BEE-D929B0AF2649}.Release|Any CPU.ActiveCfg = Release|Any CPU
		{723B4ECA-6614-4D49-8BEE-D929B0AF2649}.Release|Any CPU.Build.0 = Release|Any CPU
		{B361DBD0-0A1D-442F-9F37-0285FFB6ACF2}.Debug|Any CPU.ActiveCfg = Debug|Any CPU
		{B361DBD0-0A1D-442F-9F37-0285FFB6ACF2}.Debug|Any CPU.Build.0 = Debug|Any CPU
		{B361DBD0-0A1D-442F-9F37-0285FFB6ACF2}.Release|Any CPU.ActiveCfg = Release|Any CPU
		{B361DBD0-0A1D-442F-9F37-0285FFB6ACF2}.Release|Any CPU.Build.0 = Release|Any CPU
		{2FC53E3D-3C49-4B37-8B27-9E6F0D14975B}.Debug|Any CPU.ActiveCfg = Debug|Any CPU
		{2FC53E3D-3C49-4B37-8B27-9E6F0D14975B}.Debug|Any CPU.Build.0 = Debug|Any CPU
		{2FC53E3D-3C49-4B37-8B27-9E6F0D14975B}.Release|Any CPU.ActiveCfg = Release|Any CPU
		{2FC53E3D-3C49-4B37-8B27-9E6F0D14975B}.Release|Any CPU.Build.0 = Release|Any CPU
	EndGlobalSection
EndGlobal
